
Microsoft Visual Studio Solution File, Format Version 12.00
# Visual Studio Version 17
VisualStudioVersion = 17.1.32328.378
MinimumVisualStudioVersion = 10.0.40219.1
Project("{FAE04EC0-301F-11D3-BF4B-00C04F79EFBC}") = "ODataTest", "ODataTest\ODataTest.csproj", "{5A8991A2-AC44-4C60-9AB7-C02B10A55563}"
EndProject
Global
	GlobalSection(SolutionConfigurationPlatforms) = preSolution
		Debug|Any CPU = Debug|Any CPU
		Release|Any CPU = Release|Any CPU
	EndGlobalSection
	GlobalSection(ProjectConfigurationPlatforms) = postSolution
		{5A8991A2-AC44-4C60-9AB7-C02B10A55563}.Debug|Any CPU.ActiveCfg = Debug|Any CPU
		{5A8991A2-AC44-4C60-9AB7-C02B10A55563}.Debug|Any CPU.Build.0 = Debug|Any CPU
		{5A8991A2-AC44-4C60-9AB7-C02B10A55563}.Release|Any CPU.ActiveCfg = Release|Any CPU
		{5A8991A2-AC44-4C60-9AB7-C02B10A55563}.Release|Any CPU.Build.0 = Release|Any CPU
	EndGlobalSection
	GlobalSection(SolutionProperties) = preSolution
		HideSolutionNode = FALSE
	EndGlobalSection
	GlobalSection(ExtensibilityGlobals) = postSolution
		SolutionGuid = {0AE786DB-70EA-43DE-9E1D-720424068B0F}
	EndGlobalSection
EndGlobal
